{
  "nodes": {
    "esdbclient": {
      "inputs": {
        "flake-utils": [
          "pythoneda-shared-pythonlang-application",
          "pythoneda-shared-pythonlang-infrastructure",
          "flake-utils"
        ],
        "nixos": [
          "pythoneda-shared-pythonlang-application",
          "pythoneda-shared-pythonlang-infrastructure",
          "nixos"
        ]
      },
      "locked": {
        "dir": "esdbclient",
        "lastModified": 1709013782,
        "narHash": "sha256-FKPKV5n997R/g+87THSHzSrIDs5ZQqPeEwkxU9QOy44=",
        "owner": "rydnr",
        "repo": "nix-flakes",
        "rev": "f9431ef419af65458c92afe1ebc6ca2c7294aacf",
        "type": "github"
      },
      "original": {
        "dir": "esdbclient",
        "owner": "rydnr",
        "repo": "nix-flakes",
        "type": "github"
      }
    },
    "esdbclient_2": {
      "inputs": {
        "flake-utils": [
          "pythoneda-shared-pythonlang-infrastructure",
          "flake-utils"
        ],
        "nixos": [
          "pythoneda-shared-pythonlang-infrastructure",
          "nixos"
        ]
      },
      "locked": {
        "dir": "esdbclient",
        "lastModified": 1707764998,
        "narHash": "sha256-Op0o7E32KYnNOGCAgdwtcauM19gKdQYCXeMHaDbbKtg=",
        "owner": "rydnr",
        "repo": "nix-flakes",
        "rev": "b1b4c9c15a5d56cad76bfbbb5c1cd9340aa59409",
        "type": "github"
      },
      "original": {
        "dir": "esdbclient",
        "owner": "rydnr",
        "ref": "0.1.17",
        "repo": "nix-flakes",
        "type": "github"
      }
    },
    "flake-utils": {
      "locked": {
        "lastModified": 1652776076,
        "narHash": "sha256-gzTw/v1vj4dOVbpBSJX4J0DwUR6LIyXo7/SuuTJp1kM=",
        "owner": "numtide",
        "repo": "flake-utils",
        "rev": "04c1b180862888302ddfb2e3ad9eaa63afc60cf8",
        "type": "github"
      },
      "original": {
        "owner": "numtide",
        "ref": "v1.0.0",
        "repo": "flake-utils",
        "type": "github"
      }
    },
    "nixos": {
      "locked": {
        "lastModified": 1717179513,
        "narHash": "sha256-vboIEwIQojofItm2xGCdZCzW96U85l9nDW3ifMuAIdM=",
        "owner": "NixOS",
        "repo": "nixpkgs",
        "rev": "63dacb46bf939521bdc93981b4cbb7ecb58427a0",
        "type": "github"
      },
      "original": {
        "owner": "NixOS",
        "ref": "24.05",
        "repo": "nixpkgs",
        "type": "github"
      }
    },
    "pythoneda-shared-artifact-events": {
      "inputs": {
        "flake-utils": [
          "pythoneda-shared-pythonlang-application",
          "pythoneda-shared-artifact-shared",
          "flake-utils"
        ],
        "nixos": [
          "pythoneda-shared-pythonlang-application",
          "pythoneda-shared-artifact-shared",
          "nixos"
        ],
        "pythoneda-shared-pythonlang-banner": [
          "pythoneda-shared-pythonlang-application",
          "pythoneda-shared-artifact-shared",
          "pythoneda-shared-pythonlang-banner"
        ],
        "pythoneda-shared-pythonlang-domain": [
          "pythoneda-shared-pythonlang-application",
          "pythoneda-shared-artifact-shared",
          "pythoneda-shared-pythonlang-domain"
        ]
      },
      "locked": {
        "lastModified": 1730399628,
        "narHash": "sha256-iLkl51dEu9CRyQMkQuOoO5G8tLe7UglAjb63FAyP5Vs=",
        "owner": "pythoneda-shared-artifact-def",
        "repo": "events",
        "rev": "40ade4a852a544207ed3b7489b8c953b141f9a5b",
        "type": "github"
      },
      "original": {
        "owner": "pythoneda-shared-artifact-def",
        "ref": "0.0.49",
        "repo": "events",
        "type": "github"
      }
    },
    "pythoneda-shared-artifact-shared": {
      "inputs": {
        "flake-utils": [
          "pythoneda-shared-pythonlang-application",
          "flake-utils"
        ],
        "nixos": [
          "pythoneda-shared-pythonlang-application",
          "nixos"
        ],
        "pythoneda-shared-artifact-events": "pythoneda-shared-artifact-events",
        "pythoneda-shared-git-shared": "pythoneda-shared-git-shared_3",
        "pythoneda-shared-nix-flake-shared": "pythoneda-shared-nix-flake-shared_2",
        "pythoneda-shared-pythonlang-banner": [
          "pythoneda-shared-pythonlang-application",
          "pythoneda-shared-pythonlang-banner"
        ],
        "pythoneda-shared-pythonlang-domain": [
          "pythoneda-shared-pythonlang-application",
          "pythoneda-shared-pythonlang-domain"
        ]
      },
      "locked": {
        "lastModified": 1730399976,
        "narHash": "sha256-L1PY5nFABgkH/djiRqz/6MzU76O6EXn6iM4Ql7Q4b8E=",
        "owner": "pythoneda-shared-artifact-def",
        "repo": "shared",
        "rev": "4966661363709b2484c8555435b3f20313131a74",
        "type": "github"
      },
      "original": {
        "owner": "pythoneda-shared-artifact-def",
        "ref": "0.0.59",
        "repo": "shared",
        "type": "github"
      }
    },
    "pythoneda-shared-git-github": {
      "inputs": {
        "flake-utils": [
          "flake-utils"
        ],
        "nixos": [
          "nixos"
        ],
        "pythoneda-shared-pythonlang-banner": [
          "pythoneda-shared-pythonlang-banner"
        ],
        "pythoneda-shared-pythonlang-domain": [
          "pythoneda-shared-pythonlang-domain"
        ]
      },
      "locked": {
        "lastModified": 1731743565,
        "narHash": "sha256-bmX4kr9LQdPepY+9Kt+9YuaCEoX93cRNSrXUpWhuWIQ=",
        "owner": "pythoneda-shared-git-def",
        "repo": "github",
        "rev": "d499d35726429606e10a69f236dc8f463554d6bc",
        "type": "github"
      },
      "original": {
        "owner": "pythoneda-shared-git-def",
        "ref": "0.0.16",
        "repo": "github",
        "type": "github"
      }
    },
    "pythoneda-shared-git-shared": {
      "inputs": {
        "flake-utils": [
          "flake-utils"
        ],
        "nixos": [
          "nixos"
        ],
        "pythoneda-shared-pythonlang-banner": [
          "pythoneda-shared-pythonlang-banner"
        ],
        "pythoneda-shared-pythonlang-domain": [
          "pythoneda-shared-pythonlang-domain"
        ],
        "pythoneda-shared-pythonlang-shell": "pythoneda-shared-pythonlang-shell"
      },
      "locked": {
        "lastModified": 1731740123,
        "narHash": "sha256-qFI/IQg9/sKRzYLlskmE3VIkriVT+rVPFtoVF2vSoCQ=",
        "owner": "pythoneda-shared-git-def",
        "repo": "shared",
        "rev": "f2a2a14fdeb4463b62244ce4135139d662406ad4",
        "type": "github"
      },
      "original": {
        "owner": "pythoneda-shared-git-def",
        "ref": "0.0.54",
        "repo": "shared",
        "type": "github"
      }
    },
    "pythoneda-shared-git-shared_2": {
      "inputs": {
        "flake-utils": [
          "pythoneda-shared-nix-flake-shared",
          "flake-utils"
        ],
        "nixos": [
          "pythoneda-shared-nix-flake-shared",
          "nixos"
        ],
        "pythoneda-shared-pythonlang-banner": [
          "pythoneda-shared-nix-flake-shared",
          "pythoneda-shared-pythonlang-banner"
        ],
        "pythoneda-shared-pythonlang-domain": [
          "pythoneda-shared-nix-flake-shared",
          "pythoneda-shared-pythonlang-domain"
        ],
        "pythoneda-shared-pythonlang-shell": "pythoneda-shared-pythonlang-shell_2"
      },
      "locked": {
        "lastModified": 1731740123,
        "narHash": "sha256-qFI/IQg9/sKRzYLlskmE3VIkriVT+rVPFtoVF2vSoCQ=",
        "owner": "pythoneda-shared-git-def",
        "repo": "shared",
        "rev": "f2a2a14fdeb4463b62244ce4135139d662406ad4",
        "type": "github"
      },
      "original": {
        "owner": "pythoneda-shared-git-def",
        "ref": "0.0.54",
        "repo": "shared",
        "type": "github"
      }
    },
    "pythoneda-shared-git-shared_3": {
      "inputs": {
        "flake-utils": [
          "pythoneda-shared-pythonlang-application",
          "pythoneda-shared-artifact-shared",
          "flake-utils"
        ],
        "nixos": [
          "pythoneda-shared-pythonlang-application",
          "pythoneda-shared-artifact-shared",
          "nixos"
        ],
        "pythoneda-shared-pythonlang-banner": [
          "pythoneda-shared-pythonlang-application",
          "pythoneda-shared-artifact-shared",
          "pythoneda-shared-pythonlang-banner"
        ],
        "pythoneda-shared-pythonlang-domain": [
          "pythoneda-shared-pythonlang-application",
          "pythoneda-shared-artifact-shared",
          "pythoneda-shared-pythonlang-domain"
        ],
        "pythoneda-shared-pythonlang-shell": "pythoneda-shared-pythonlang-shell_3"
      },
      "locked": {
        "lastModified": 1730399825,
        "narHash": "sha256-v/FmtjCAHAG7xnva03BGJ4zeDJjzSXevrTR3EDTi6rI=",
        "owner": "pythoneda-shared-git-def",
        "repo": "shared",
        "rev": "c4ffb71a4dfa4b9dedf4b28a794058315e7204ee",
        "type": "github"
      },
      "original": {
        "owner": "pythoneda-shared-git-def",
        "ref": "0.0.50",
        "repo": "shared",
        "type": "github"
      }
    },
    "pythoneda-shared-git-shared_4": {
      "inputs": {
        "flake-utils": [
          "pythoneda-shared-pythonlang-application",
          "pythoneda-shared-artifact-shared",
          "pythoneda-shared-nix-flake-shared",
          "flake-utils"
        ],
        "nixos": [
          "pythoneda-shared-pythonlang-application",
          "pythoneda-shared-artifact-shared",
          "pythoneda-shared-nix-flake-shared",
          "nixos"
        ],
        "pythoneda-shared-pythonlang-banner": [
          "pythoneda-shared-pythonlang-application",
          "pythoneda-shared-artifact-shared",
          "pythoneda-shared-nix-flake-shared",
          "pythoneda-shared-pythonlang-banner"
        ],
        "pythoneda-shared-pythonlang-domain": [
          "pythoneda-shared-pythonlang-application",
          "pythoneda-shared-artifact-shared",
          "pythoneda-shared-nix-flake-shared",
          "pythoneda-shared-pythonlang-domain"
        ],
        "pythoneda-shared-pythonlang-shell": "pythoneda-shared-pythonlang-shell_4"
      },
      "locked": {
        "lastModified": 1730399825,
        "narHash": "sha256-v/FmtjCAHAG7xnva03BGJ4zeDJjzSXevrTR3EDTi6rI=",
        "owner": "pythoneda-shared-git-def",
        "repo": "shared",
        "rev": "c4ffb71a4dfa4b9dedf4b28a794058315e7204ee",
        "type": "github"
      },
      "original": {
        "owner": "pythoneda-shared-git-def",
        "ref": "0.0.50",
        "repo": "shared",
        "type": "github"
      }
    },
    "pythoneda-shared-nix-flake-shared": {
      "inputs": {
        "flake-utils": [
          "flake-utils"
        ],
        "nixos": [
          "nixos"
        ],
        "pythoneda-shared-git-shared": "pythoneda-shared-git-shared_2",
        "pythoneda-shared-pythonlang-banner": [
          "pythoneda-shared-pythonlang-banner"
        ],
        "pythoneda-shared-pythonlang-domain": [
          "pythoneda-shared-pythonlang-domain"
        ],
        "stringtemplate3": "stringtemplate3"
      },
      "locked": {
        "lastModified": 1731740192,
        "narHash": "sha256-UTmUvGYrejufszHKC4QhkUT0AimzCGlFYtZZchawo3Q=",
        "owner": "pythoneda-shared-nix-flake-def",
        "repo": "shared",
        "rev": "0e02c5db656ec59e8a55a5b6ec917a277f04111e",
        "type": "github"
      },
      "original": {
        "owner": "pythoneda-shared-nix-flake-def",
        "ref": "0.0.59",
        "repo": "shared",
        "type": "github"
      }
    },
    "pythoneda-shared-nix-flake-shared_2": {
      "inputs": {
        "flake-utils": [
          "pythoneda-shared-pythonlang-application",
          "pythoneda-shared-artifact-shared",
          "flake-utils"
        ],
        "nixos": [
          "pythoneda-shared-pythonlang-application",
          "pythoneda-shared-artifact-shared",
          "nixos"
        ],
        "pythoneda-shared-git-shared": "pythoneda-shared-git-shared_4",
        "pythoneda-shared-pythonlang-banner": [
          "pythoneda-shared-pythonlang-application",
          "pythoneda-shared-artifact-shared",
          "pythoneda-shared-pythonlang-banner"
        ],
        "pythoneda-shared-pythonlang-domain": [
          "pythoneda-shared-pythonlang-application",
          "pythoneda-shared-artifact-shared",
          "pythoneda-shared-pythonlang-domain"
        ],
        "stringtemplate3": "stringtemplate3_2"
      },
      "locked": {
        "lastModified": 1730399895,
        "narHash": "sha256-209OwzUM/pOIpIJKhhqUM0YMJz9H+A4IjsdcCZJEFiw=",
        "owner": "pythoneda-shared-nix-flake-def",
        "repo": "shared",
        "rev": "419013c0d58c1635acfe67b8ec64a6e6b1402078",
        "type": "github"
      },
      "original": {
        "owner": "pythoneda-shared-nix-flake-def",
        "ref": "0.0.55",
        "repo": "shared",
        "type": "github"
      }
    },
    "pythoneda-shared-pythonlang-application": {
      "inputs": {
        "flake-utils": [
          "flake-utils"
        ],
        "nixos": [
          "nixos"
        ],
        "pythoneda-shared-artifact-shared": "pythoneda-shared-artifact-shared",
        "pythoneda-shared-pythonlang-banner": [
          "pythoneda-shared-pythonlang-banner"
        ],
        "pythoneda-shared-pythonlang-domain": [
          "pythoneda-shared-pythonlang-domain"
        ],
        "pythoneda-shared-pythonlang-infrastructure": "pythoneda-shared-pythonlang-infrastructure"
      },
      "locked": {
        "lastModified": 1731668843,
        "narHash": "sha256-uqGfjN35DMLtEtTvEjWUba5ZEtxw6nA7PoL21HH6z6k=",
        "owner": "pythoneda-shared-pythonlang-def",
        "repo": "application",
        "rev": "808eefe457b2a853ea80dcdae9fd366acbc36fc3",
        "type": "github"
      },
      "original": {
        "owner": "pythoneda-shared-pythonlang-def",
        "ref": "0.0.71",
        "repo": "application",
        "type": "github"
      }
    },
    "pythoneda-shared-pythonlang-banner": {
      "inputs": {
        "flake-utils": [
          "flake-utils"
        ],
        "nixos": [
          "nixos"
        ]
      },
      "locked": {
        "lastModified": 1731668408,
        "narHash": "sha256-oCzYR2e8hCD9nvjbg1rKHyfZf6t/n75fPYwSiZPZG94=",
        "owner": "pythoneda-shared-pythonlang-def",
        "repo": "banner",
        "rev": "a68e4aebbe346d7514ae23d9bd743626854a46ac",
        "type": "github"
      },
      "original": {
        "owner": "pythoneda-shared-pythonlang-def",
        "ref": "0.0.61",
        "repo": "banner",
        "type": "github"
      }
    },
    "pythoneda-shared-pythonlang-domain": {
      "inputs": {
        "flake-utils": [
          "pythoneda-shared-git-shared",
          "pythoneda-shared-pythonlang-shell",
          "flake-utils"
        ],
        "nixos": [
          "pythoneda-shared-git-shared",
          "pythoneda-shared-pythonlang-shell",
          "nixos"
        ],
        "pythoneda-shared-pythonlang-banner": [
          "pythoneda-shared-git-shared",
          "pythoneda-shared-pythonlang-shell",
          "pythoneda-shared-pythonlang-banner"
        ]
      },
      "locked": {
        "lastModified": 1731739707,
        "narHash": "sha256-ws8SPT03NewTaqIolEcElKz7q+1F3cEdKDtVLaSatoU=",
        "owner": "pythoneda-shared-pythonlang-def",
        "repo": "domain",
        "rev": "45e2aa1556c00c48de97517ddf1cc1247992a546",
        "type": "github"
      },
      "original": {
        "owner": "pythoneda-shared-pythonlang-def",
        "ref": "0.0.64",
        "repo": "domain",
        "type": "github"
      }
    },
    "pythoneda-shared-pythonlang-domain_2": {
      "inputs": {
        "flake-utils": [
          "pythoneda-shared-nix-flake-shared",
          "pythoneda-shared-git-shared",
          "pythoneda-shared-pythonlang-shell",
          "flake-utils"
        ],
        "nixos": [
          "pythoneda-shared-nix-flake-shared",
          "pythoneda-shared-git-shared",
          "pythoneda-shared-pythonlang-shell",
          "nixos"
        ],
        "pythoneda-shared-pythonlang-banner": [
          "pythoneda-shared-nix-flake-shared",
          "pythoneda-shared-git-shared",
          "pythoneda-shared-pythonlang-shell",
          "pythoneda-shared-pythonlang-banner"
        ]
      },
      "locked": {
        "lastModified": 1731739707,
        "narHash": "sha256-ws8SPT03NewTaqIolEcElKz7q+1F3cEdKDtVLaSatoU=",
        "owner": "pythoneda-shared-pythonlang-def",
        "repo": "domain",
        "rev": "45e2aa1556c00c48de97517ddf1cc1247992a546",
        "type": "github"
      },
      "original": {
        "owner": "pythoneda-shared-pythonlang-def",
        "ref": "0.0.64",
        "repo": "domain",
        "type": "github"
      }
    },
    "pythoneda-shared-pythonlang-domain_3": {
      "inputs": {
        "flake-utils": [
          "pythoneda-shared-pythonlang-application",
          "pythoneda-shared-artifact-shared",
          "pythoneda-shared-git-shared",
          "pythoneda-shared-pythonlang-shell",
          "flake-utils"
        ],
        "nixos": [
          "pythoneda-shared-pythonlang-application",
          "pythoneda-shared-artifact-shared",
          "pythoneda-shared-git-shared",
          "pythoneda-shared-pythonlang-shell",
          "nixos"
        ],
        "pythoneda-shared-pythonlang-banner": [
          "pythoneda-shared-pythonlang-application",
          "pythoneda-shared-artifact-shared",
          "pythoneda-shared-git-shared",
          "pythoneda-shared-pythonlang-shell",
          "pythoneda-shared-pythonlang-banner"
        ]
      },
      "locked": {
        "lastModified": 1730399500,
        "narHash": "sha256-jW/UAE33YzsMMtYiZX3YnzpBvwtASN/CfK5x6HSCQ58=",
        "owner": "pythoneda-shared-pythonlang-def",
        "repo": "domain",
        "rev": "0416a76f43ec6e7bab83e3ac4c3add52bf46e3b8",
        "type": "github"
      },
      "original": {
        "owner": "pythoneda-shared-pythonlang-def",
        "ref": "0.0.54",
        "repo": "domain",
        "type": "github"
      }
    },
    "pythoneda-shared-pythonlang-domain_4": {
      "inputs": {
        "flake-utils": [
          "pythoneda-shared-pythonlang-application",
          "pythoneda-shared-artifact-shared",
          "pythoneda-shared-nix-flake-shared",
          "pythoneda-shared-git-shared",
          "pythoneda-shared-pythonlang-shell",
          "flake-utils"
        ],
        "nixos": [
          "pythoneda-shared-pythonlang-application",
          "pythoneda-shared-artifact-shared",
          "pythoneda-shared-nix-flake-shared",
          "pythoneda-shared-git-shared",
          "pythoneda-shared-pythonlang-shell",
          "nixos"
        ],
        "pythoneda-shared-pythonlang-banner": [
          "pythoneda-shared-pythonlang-application",
          "pythoneda-shared-artifact-shared",
          "pythoneda-shared-nix-flake-shared",
          "pythoneda-shared-git-shared",
          "pythoneda-shared-pythonlang-shell",
          "pythoneda-shared-pythonlang-banner"
        ]
      },
      "locked": {
        "lastModified": 1730399500,
        "narHash": "sha256-jW/UAE33YzsMMtYiZX3YnzpBvwtASN/CfK5x6HSCQ58=",
        "owner": "pythoneda-shared-pythonlang-def",
        "repo": "domain",
        "rev": "0416a76f43ec6e7bab83e3ac4c3add52bf46e3b8",
        "type": "github"
      },
      "original": {
        "owner": "pythoneda-shared-pythonlang-def",
        "ref": "0.0.54",
        "repo": "domain",
        "type": "github"
      }
    },
    "pythoneda-shared-pythonlang-domain_5": {
      "inputs": {
        "flake-utils": [
          "flake-utils"
        ],
        "nixos": [
          "nixos"
        ],
        "pythoneda-shared-pythonlang-banner": [
          "pythoneda-shared-pythonlang-banner"
        ]
      },
      "locked": {
        "lastModified": 1731739707,
        "narHash": "sha256-ws8SPT03NewTaqIolEcElKz7q+1F3cEdKDtVLaSatoU=",
        "owner": "pythoneda-shared-pythonlang-def",
        "repo": "domain",
        "rev": "45e2aa1556c00c48de97517ddf1cc1247992a546",
        "type": "github"
      },
      "original": {
        "owner": "pythoneda-shared-pythonlang-def",
        "ref": "0.0.64",
        "repo": "domain",
        "type": "github"
      }
    },
    "pythoneda-shared-pythonlang-infrastructure": {
      "inputs": {
        "esdbclient": "esdbclient",
        "flake-utils": [
          "pythoneda-shared-pythonlang-application",
          "flake-utils"
        ],
        "nixos": [
          "pythoneda-shared-pythonlang-application",
          "nixos"
        ],
        "pythoneda-shared-pythonlang-banner": [
          "pythoneda-shared-pythonlang-application",
          "pythoneda-shared-pythonlang-banner"
        ],
        "pythoneda-shared-pythonlang-domain": [
          "pythoneda-shared-pythonlang-application",
          "pythoneda-shared-pythonlang-domain"
        ]
      },
      "locked": {
        "lastModified": 1730399568,
        "narHash": "sha256-BssJo+2GLvgOx3c807Yk/LC9RQe+ruKuli0qGuIxAe8=",
        "owner": "pythoneda-shared-pythonlang-def",
        "repo": "infrastructure",
        "rev": "08c66b989ce359982224942b33fcf656658da4c7",
        "type": "github"
      },
      "original": {
        "owner": "pythoneda-shared-pythonlang-def",
        "ref": "0.0.41",
        "repo": "infrastructure",
        "type": "github"
      }
    },
    "pythoneda-shared-pythonlang-infrastructure_2": {
      "inputs": {
        "esdbclient": "esdbclient_2",
        "flake-utils": [
          "flake-utils"
        ],
        "nixos": [
          "nixos"
        ],
        "pythoneda-shared-pythonlang-banner": [
          "pythoneda-shared-pythonlang-banner"
        ],
        "pythoneda-shared-pythonlang-domain": [
          "pythoneda-shared-pythonlang-domain"
        ]
      },
      "locked": {
        "lastModified": 1731739873,
        "narHash": "sha256-Ltcq0KKcEba02BbHQmUoTDNTA65/99+/xCavzyYUVjw=",
        "owner": "pythoneda-shared-pythonlang-def",
        "repo": "infrastructure",
        "rev": "9d85364698de31858ad3a8ae968b75112aac1c37",
        "type": "github"
      },
      "original": {
        "owner": "pythoneda-shared-pythonlang-def",
        "ref": "0.0.47",
        "repo": "infrastructure",
        "type": "github"
      }
    },
    "pythoneda-shared-pythonlang-shell": {
      "inputs": {
        "flake-utils": [
          "pythoneda-shared-git-shared",
          "flake-utils"
        ],
        "nixos": [
          "pythoneda-shared-git-shared",
          "nixos"
        ],
        "pythoneda-shared-pythonlang-banner": [
          "pythoneda-shared-git-shared",
          "pythoneda-shared-pythonlang-banner"
        ],
        "pythoneda-shared-pythonlang-domain": "pythoneda-shared-pythonlang-domain"
      },
      "locked": {
        "lastModified": 1731740057,
        "narHash": "sha256-VWoMo++Krq3eZ5cYpj1qLmR/KJch8gOvRHsHLiVAin0=",
        "owner": "pythoneda-shared-pythonlang-def",
        "repo": "shell",
        "rev": "74ca80eca56fb3cf0bfb294c74125752d73a6c7f",
        "type": "github"
      },
      "original": {
        "owner": "pythoneda-shared-pythonlang-def",
        "ref": "0.0.21",
        "repo": "shell",
        "type": "github"
      }
    },
    "pythoneda-shared-pythonlang-shell_2": {
      "inputs": {
        "flake-utils": [
          "pythoneda-shared-nix-flake-shared",
          "pythoneda-shared-git-shared",
          "flake-utils"
        ],
        "nixos": [
          "pythoneda-shared-nix-flake-shared",
          "pythoneda-shared-git-shared",
          "nixos"
        ],
        "pythoneda-shared-pythonlang-banner": [
          "pythoneda-shared-nix-flake-shared",
          "pythoneda-shared-git-shared",
          "pythoneda-shared-pythonlang-banner"
        ],
        "pythoneda-shared-pythonlang-domain": "pythoneda-shared-pythonlang-domain_2"
      },
      "locked": {
        "lastModified": 1731740057,
        "narHash": "sha256-VWoMo++Krq3eZ5cYpj1qLmR/KJch8gOvRHsHLiVAin0=",
        "owner": "pythoneda-shared-pythonlang-def",
        "repo": "shell",
        "rev": "74ca80eca56fb3cf0bfb294c74125752d73a6c7f",
        "type": "github"
      },
      "original": {
        "owner": "pythoneda-shared-pythonlang-def",
        "ref": "0.0.21",
        "repo": "shell",
        "type": "github"
      }
    },
    "pythoneda-shared-pythonlang-shell_3": {
      "inputs": {
        "flake-utils": [
          "pythoneda-shared-pythonlang-application",
          "pythoneda-shared-artifact-shared",
          "pythoneda-shared-git-shared",
          "flake-utils"
        ],
        "nixos": [
          "pythoneda-shared-pythonlang-application",
          "pythoneda-shared-artifact-shared",
          "pythoneda-shared-git-shared",
          "nixos"
        ],
        "pythoneda-shared-pythonlang-banner": [
          "pythoneda-shared-pythonlang-application",
          "pythoneda-shared-artifact-shared",
          "pythoneda-shared-git-shared",
          "pythoneda-shared-pythonlang-banner"
        ],
        "pythoneda-shared-pythonlang-domain": "pythoneda-shared-pythonlang-domain_3"
      },
      "locked": {
        "lastModified": 1730399759,
        "narHash": "sha256-hO3WAuRdAZE24ycdNW4ns8IDwp/lLRLh4v5R7RDk2+s=",
        "owner": "pythoneda-shared-pythonlang-def",
        "repo": "shell",
        "rev": "ae73170b14254a36fa92b22f004c65477929779e",
        "type": "github"
      },
      "original": {
        "owner": "pythoneda-shared-pythonlang-def",
        "ref": "0.0.17",
        "repo": "shell",
        "type": "github"
      }
    },
    "pythoneda-shared-pythonlang-shell_4": {
      "inputs": {
        "flake-utils": [
          "pythoneda-shared-pythonlang-application",
          "pythoneda-shared-artifact-shared",
          "pythoneda-shared-nix-flake-shared",
          "pythoneda-shared-git-shared",
          "flake-utils"
        ],
        "nixos": [
          "pythoneda-shared-pythonlang-application",
          "pythoneda-shared-artifact-shared",
          "pythoneda-shared-nix-flake-shared",
          "pythoneda-shared-git-shared",
          "nixos"
        ],
        "pythoneda-shared-pythonlang-banner": [
          "pythoneda-shared-pythonlang-application",
          "pythoneda-shared-artifact-shared",
          "pythoneda-shared-nix-flake-shared",
          "pythoneda-shared-git-shared",
          "pythoneda-shared-pythonlang-banner"
        ],
        "pythoneda-shared-pythonlang-domain": "pythoneda-shared-pythonlang-domain_4"
      },
      "locked": {
        "lastModified": 1730399759,
        "narHash": "sha256-hO3WAuRdAZE24ycdNW4ns8IDwp/lLRLh4v5R7RDk2+s=",
        "owner": "pythoneda-shared-pythonlang-def",
        "repo": "shell",
        "rev": "ae73170b14254a36fa92b22f004c65477929779e",
        "type": "github"
      },
      "original": {
        "owner": "pythoneda-shared-pythonlang-def",
        "ref": "0.0.17",
        "repo": "shell",
        "type": "github"
      }
    },
    "root": {
      "inputs": {
        "flake-utils": "flake-utils",
        "nixos": "nixos",
        "pythoneda-shared-git-github": "pythoneda-shared-git-github",
        "pythoneda-shared-git-shared": "pythoneda-shared-git-shared",
        "pythoneda-shared-nix-flake-shared": "pythoneda-shared-nix-flake-shared",
        "pythoneda-shared-pythonlang-application": "pythoneda-shared-pythonlang-application",
        "pythoneda-shared-pythonlang-banner": "pythoneda-shared-pythonlang-banner",
        "pythoneda-shared-pythonlang-domain": "pythoneda-shared-pythonlang-domain_5",
        "pythoneda-shared-pythonlang-infrastructure": "pythoneda-shared-pythonlang-infrastructure_2",
        "stringtemplate3": "stringtemplate3_3"
      }
    },
    "stringtemplate3": {
      "inputs": {
        "flake-utils": [
          "pythoneda-shared-nix-flake-shared",
          "flake-utils"
        ],
        "nixos": [
          "pythoneda-shared-nix-flake-shared",
          "nixos"
        ]
      },
      "locked": {
        "dir": "stringtemplate3",
        "lastModified": 1707764998,
        "narHash": "sha256-Op0o7E32KYnNOGCAgdwtcauM19gKdQYCXeMHaDbbKtg=",
        "owner": "rydnr",
        "repo": "nix-flakes",
        "rev": "b1b4c9c15a5d56cad76bfbbb5c1cd9340aa59409",
        "type": "github"
      },
      "original": {
        "dir": "stringtemplate3",
        "owner": "rydnr",
        "ref": "0.1.17",
        "repo": "nix-flakes",
        "type": "github"
      }
    },
    "stringtemplate3_2": {
      "inputs": {
        "flake-utils": [
          "pythoneda-shared-pythonlang-application",
          "pythoneda-shared-artifact-shared",
          "pythoneda-shared-nix-flake-shared",
          "flake-utils"
        ],
        "nixos": [
          "pythoneda-shared-pythonlang-application",
          "pythoneda-shared-artifact-shared",
          "pythoneda-shared-nix-flake-shared",
          "nixos"
        ]
      },
      "locked": {
        "dir": "stringtemplate3",
        "lastModified": 1707764998,
        "narHash": "sha256-Op0o7E32KYnNOGCAgdwtcauM19gKdQYCXeMHaDbbKtg=",
        "owner": "rydnr",
        "repo": "nix-flakes",
        "rev": "b1b4c9c15a5d56cad76bfbbb5c1cd9340aa59409",
        "type": "github"
      },
      "original": {
        "dir": "stringtemplate3",
        "owner": "rydnr",
        "ref": "0.1.17",
        "repo": "nix-flakes",
        "type": "github"
      }
    },
    "stringtemplate3_3": {
      "inputs": {
        "flake-utils": [
          "flake-utils"
        ],
        "nixos": [
          "nixos"
        ]
      },
      "locked": {
        "dir": "stringtemplate3",
        "lastModified": 1707764998,
        "narHash": "sha256-Op0o7E32KYnNOGCAgdwtcauM19gKdQYCXeMHaDbbKtg=",
        "owner": "rydnr",
        "repo": "nix-flakes",
        "rev": "b1b4c9c15a5d56cad76bfbbb5c1cd9340aa59409",
        "type": "github"
      },
      "original": {
        "dir": "stringtemplate3",
        "owner": "rydnr",
        "ref": "0.1.17",
        "repo": "nix-flakes",
        "type": "github"
      }
    }
  },
  "root": "root",
  "version": 7
}
