{
  "nodes": {
    "esdbclient": {
      "inputs": {
        "flake-utils": [
          "pythoneda-shared-pythonlang-application",
          "pythoneda-shared-pythonlang-infrastructure",
          "flake-utils"
        ],
        "nixos": [
          "pythoneda-shared-pythonlang-application",
          "pythoneda-shared-pythonlang-infrastructure",
          "nixos"
        ]
      },
      "locked": {
        "dir": "esdbclient",
        "lastModified": 1731731825,
        "narHash": "sha256-kOddDyUkMJEJm14yCbfW+DYceAzo/QRD8KDf92IcJJo=",
        "owner": "rydnr",
        "repo": "nix-flakes",
        "rev": "a83da54f986cb6a60dc9b71309f186e97a604cff",
        "type": "github"
      },
      "original": {
        "dir": "esdbclient",
        "owner": "rydnr",
        "ref": "esdbclient-1.1.3",
        "repo": "nix-flakes",
        "type": "github"
      }
    },
    "esdbclient_2": {
      "inputs": {
        "flake-utils": [
          "pythoneda-shared-pythonlang-infrastructure",
          "flake-utils"
        ],
        "nixos": [
          "pythoneda-shared-pythonlang-infrastructure",
          "nixos"
        ]
      },
      "locked": {
        "dir": "esdbclient",
        "lastModified": 1731731825,
        "narHash": "sha256-kOddDyUkMJEJm14yCbfW+DYceAzo/QRD8KDf92IcJJo=",
        "owner": "rydnr",
        "repo": "nix-flakes",
        "rev": "a83da54f986cb6a60dc9b71309f186e97a604cff",
        "type": "github"
      },
      "original": {
        "dir": "esdbclient",
        "owner": "rydnr",
        "ref": "esdbclient-1.1.3",
        "repo": "nix-flakes",
        "type": "github"
      }
    },
    "flake-utils": {
      "locked": {
        "lastModified": 1652776076,
        "narHash": "sha256-gzTw/v1vj4dOVbpBSJX4J0DwUR6LIyXo7/SuuTJp1kM=",
        "owner": "numtide",
        "repo": "flake-utils",
        "rev": "04c1b180862888302ddfb2e3ad9eaa63afc60cf8",
        "type": "github"
      },
      "original": {
        "owner": "numtide",
        "ref": "v1.0.0",
        "repo": "flake-utils",
        "type": "github"
      }
    },
    "nixos": {
      "locked": {
        "lastModified": 1717179513,
        "narHash": "sha256-vboIEwIQojofItm2xGCdZCzW96U85l9nDW3ifMuAIdM=",
        "owner": "NixOS",
        "repo": "nixpkgs",
        "rev": "63dacb46bf939521bdc93981b4cbb7ecb58427a0",
        "type": "github"
      },
      "original": {
        "owner": "NixOS",
        "ref": "24.05",
        "repo": "nixpkgs",
        "type": "github"
      }
    },
    "pythoneda-shared-artifact-events": {
      "inputs": {
        "flake-utils": [
          "pythoneda-shared-pythonlang-application",
          "pythoneda-shared-artifact-shared",
          "flake-utils"
        ],
        "nixos": [
          "pythoneda-shared-pythonlang-application",
          "pythoneda-shared-artifact-shared",
          "nixos"
        ],
        "pythoneda-shared-pythonlang-banner": [
          "pythoneda-shared-pythonlang-application",
          "pythoneda-shared-artifact-shared",
          "pythoneda-shared-pythonlang-banner"
        ],
        "pythoneda-shared-pythonlang-domain": [
          "pythoneda-shared-pythonlang-application",
          "pythoneda-shared-artifact-shared",
          "pythoneda-shared-pythonlang-domain"
        ]
      },
      "locked": {
        "lastModified": 1732789244,
        "narHash": "sha256-gKvVga57IgyB4kKIha0o63ne9bZRrODsYG2ig/60szg=",
        "owner": "pythoneda-shared-artifact-def",
        "repo": "events",
        "rev": "69b72ca3c233072d65f2ea48ece67c831b6f292f",
        "type": "github"
      },
      "original": {
        "owner": "pythoneda-shared-artifact-def",
        "ref": "0.0.68",
        "repo": "events",
        "type": "github"
      }
    },
    "pythoneda-shared-artifact-shared": {
      "inputs": {
        "flake-utils": [
          "pythoneda-shared-pythonlang-application",
          "flake-utils"
        ],
        "nixos": [
          "pythoneda-shared-pythonlang-application",
          "nixos"
        ],
        "pythoneda-shared-artifact-events": "pythoneda-shared-artifact-events",
        "pythoneda-shared-git-shared": "pythoneda-shared-git-shared_4",
        "pythoneda-shared-nix-flake-shared": "pythoneda-shared-nix-flake-shared_2",
        "pythoneda-shared-pythonlang-banner": [
          "pythoneda-shared-pythonlang-application",
          "pythoneda-shared-pythonlang-banner"
        ],
        "pythoneda-shared-pythonlang-domain": [
          "pythoneda-shared-pythonlang-application",
          "pythoneda-shared-pythonlang-domain"
        ]
      },
      "locked": {
        "lastModified": 1732789595,
        "narHash": "sha256-VC+1mkknxALnMGBhC+8c/s2P9Ub2wArZIH/Cnily6Jw=",
        "owner": "pythoneda-shared-artifact-def",
        "repo": "shared",
        "rev": "3cf7066b168dcc6c44a4a3deea42d6c7e9c81789",
        "type": "github"
      },
      "original": {
        "owner": "pythoneda-shared-artifact-def",
        "ref": "0.0.75",
        "repo": "shared",
        "type": "github"
      }
    },
    "pythoneda-shared-git-github": {
      "inputs": {
        "flake-utils": [
          "flake-utils"
        ],
        "nixos": [
          "nixos"
        ],
        "pythoneda-shared-git-shared": "pythoneda-shared-git-shared",
        "pythoneda-shared-pythonlang-banner": [
          "pythoneda-shared-pythonlang-banner"
        ],
        "pythoneda-shared-pythonlang-domain": [
          "pythoneda-shared-pythonlang-domain"
        ]
      },
      "locked": {
        "lastModified": 1732793546,
        "narHash": "sha256-4DsAjNebxJOJIgm3yrIO/Ge81pycDev4M6zEnsOzaWw=",
        "owner": "pythoneda-shared-git-def",
        "repo": "github",
        "rev": "80c31e1478fddb7f9c57251480f9839e8088dcf0",
        "type": "github"
      },
      "original": {
        "owner": "pythoneda-shared-git-def",
        "ref": "0.0.26",
        "repo": "github",
        "type": "github"
      }
    },
    "pythoneda-shared-git-shared": {
      "inputs": {
        "flake-utils": [
          "pythoneda-shared-git-github",
          "flake-utils"
        ],
        "nixos": [
          "pythoneda-shared-git-github",
          "nixos"
        ],
        "pythoneda-shared-pythonlang-banner": [
          "pythoneda-shared-git-github",
          "pythoneda-shared-pythonlang-banner"
        ],
        "pythoneda-shared-pythonlang-domain": [
          "pythoneda-shared-git-github",
          "pythoneda-shared-pythonlang-domain"
        ],
        "pythoneda-shared-pythonlang-shell": "pythoneda-shared-pythonlang-shell"
      },
      "locked": {
        "lastModified": 1732789437,
        "narHash": "sha256-sHBaVfFe1Hv4oaeZuJneHNT0RdCucUMWW4GsH3Ws/pM=",
        "owner": "pythoneda-shared-git-def",
        "repo": "shared",
        "rev": "8112a01104ec6c224ecf03e9de2aa36a85941f36",
        "type": "github"
      },
      "original": {
        "owner": "pythoneda-shared-git-def",
        "ref": "0.0.67",
        "repo": "shared",
        "type": "github"
      }
    },
    "pythoneda-shared-git-shared_2": {
      "inputs": {
        "flake-utils": [
          "flake-utils"
        ],
        "nixos": [
          "nixos"
        ],
        "pythoneda-shared-pythonlang-banner": [
          "pythoneda-shared-pythonlang-banner"
        ],
        "pythoneda-shared-pythonlang-domain": [
          "pythoneda-shared-pythonlang-domain"
        ],
        "pythoneda-shared-pythonlang-shell": "pythoneda-shared-pythonlang-shell_2"
      },
      "locked": {
        "lastModified": 1732789437,
        "narHash": "sha256-sHBaVfFe1Hv4oaeZuJneHNT0RdCucUMWW4GsH3Ws/pM=",
        "owner": "pythoneda-shared-git-def",
        "repo": "shared",
        "rev": "8112a01104ec6c224ecf03e9de2aa36a85941f36",
        "type": "github"
      },
      "original": {
        "owner": "pythoneda-shared-git-def",
        "ref": "0.0.67",
        "repo": "shared",
        "type": "github"
      }
    },
    "pythoneda-shared-git-shared_3": {
      "inputs": {
        "flake-utils": [
          "pythoneda-shared-nix-flake-shared",
          "flake-utils"
        ],
        "nixos": [
          "pythoneda-shared-nix-flake-shared",
          "nixos"
        ],
        "pythoneda-shared-pythonlang-banner": [
          "pythoneda-shared-nix-flake-shared",
          "pythoneda-shared-pythonlang-banner"
        ],
        "pythoneda-shared-pythonlang-domain": [
          "pythoneda-shared-nix-flake-shared",
          "pythoneda-shared-pythonlang-domain"
        ],
        "pythoneda-shared-pythonlang-shell": "pythoneda-shared-pythonlang-shell_3"
      },
      "locked": {
        "lastModified": 1732789437,
        "narHash": "sha256-sHBaVfFe1Hv4oaeZuJneHNT0RdCucUMWW4GsH3Ws/pM=",
        "owner": "pythoneda-shared-git-def",
        "repo": "shared",
        "rev": "8112a01104ec6c224ecf03e9de2aa36a85941f36",
        "type": "github"
      },
      "original": {
        "owner": "pythoneda-shared-git-def",
        "ref": "0.0.67",
        "repo": "shared",
        "type": "github"
      }
    },
    "pythoneda-shared-git-shared_4": {
      "inputs": {
        "flake-utils": [
          "pythoneda-shared-pythonlang-application",
          "pythoneda-shared-artifact-shared",
          "flake-utils"
        ],
        "nixos": [
          "pythoneda-shared-pythonlang-application",
          "pythoneda-shared-artifact-shared",
          "nixos"
        ],
        "pythoneda-shared-pythonlang-banner": [
          "pythoneda-shared-pythonlang-application",
          "pythoneda-shared-artifact-shared",
          "pythoneda-shared-pythonlang-banner"
        ],
        "pythoneda-shared-pythonlang-domain": [
          "pythoneda-shared-pythonlang-application",
          "pythoneda-shared-artifact-shared",
          "pythoneda-shared-pythonlang-domain"
        ],
        "pythoneda-shared-pythonlang-shell": "pythoneda-shared-pythonlang-shell_4"
      },
      "locked": {
        "lastModified": 1732789437,
        "narHash": "sha256-sHBaVfFe1Hv4oaeZuJneHNT0RdCucUMWW4GsH3Ws/pM=",
        "owner": "pythoneda-shared-git-def",
        "repo": "shared",
        "rev": "8112a01104ec6c224ecf03e9de2aa36a85941f36",
        "type": "github"
      },
      "original": {
        "owner": "pythoneda-shared-git-def",
        "ref": "0.0.67",
        "repo": "shared",
        "type": "github"
      }
    },
    "pythoneda-shared-git-shared_5": {
      "inputs": {
        "flake-utils": [
          "pythoneda-shared-pythonlang-application",
          "pythoneda-shared-artifact-shared",
          "pythoneda-shared-nix-flake-shared",
          "flake-utils"
        ],
        "nixos": [
          "pythoneda-shared-pythonlang-application",
          "pythoneda-shared-artifact-shared",
          "pythoneda-shared-nix-flake-shared",
          "nixos"
        ],
        "pythoneda-shared-pythonlang-banner": [
          "pythoneda-shared-pythonlang-application",
          "pythoneda-shared-artifact-shared",
          "pythoneda-shared-nix-flake-shared",
          "pythoneda-shared-pythonlang-banner"
        ],
        "pythoneda-shared-pythonlang-domain": [
          "pythoneda-shared-pythonlang-application",
          "pythoneda-shared-artifact-shared",
          "pythoneda-shared-nix-flake-shared",
          "pythoneda-shared-pythonlang-domain"
        ],
        "pythoneda-shared-pythonlang-shell": "pythoneda-shared-pythonlang-shell_5"
      },
      "locked": {
        "lastModified": 1732789437,
        "narHash": "sha256-sHBaVfFe1Hv4oaeZuJneHNT0RdCucUMWW4GsH3Ws/pM=",
        "owner": "pythoneda-shared-git-def",
        "repo": "shared",
        "rev": "8112a01104ec6c224ecf03e9de2aa36a85941f36",
        "type": "github"
      },
      "original": {
        "owner": "pythoneda-shared-git-def",
        "ref": "0.0.67",
        "repo": "shared",
        "type": "github"
      }
    },
    "pythoneda-shared-nix-flake-shared": {
      "inputs": {
        "flake-utils": [
          "flake-utils"
        ],
        "nixos": [
          "nixos"
        ],
        "pythoneda-shared-git-shared": "pythoneda-shared-git-shared_3",
        "pythoneda-shared-pythonlang-banner": [
          "pythoneda-shared-pythonlang-banner"
        ],
        "pythoneda-shared-pythonlang-domain": [
          "pythoneda-shared-pythonlang-domain"
        ],
        "stringtemplate3": "stringtemplate3"
      },
      "locked": {
        "lastModified": 1732789510,
        "narHash": "sha256-j1OaM2onWwLp4HobKfmeYn8vEqsmdKtsGIpci9DORoQ=",
        "owner": "pythoneda-shared-nix-flake-def",
        "repo": "shared",
        "rev": "8c216735c4ce743899dc774e1b8691c2d2bb5c52",
        "type": "github"
      },
      "original": {
        "owner": "pythoneda-shared-nix-flake-def",
        "ref": "0.0.73",
        "repo": "shared",
        "type": "github"
      }
    },
    "pythoneda-shared-nix-flake-shared_2": {
      "inputs": {
        "flake-utils": [
          "pythoneda-shared-pythonlang-application",
          "pythoneda-shared-artifact-shared",
          "flake-utils"
        ],
        "nixos": [
          "pythoneda-shared-pythonlang-application",
          "pythoneda-shared-artifact-shared",
          "nixos"
        ],
        "pythoneda-shared-git-shared": "pythoneda-shared-git-shared_5",
        "pythoneda-shared-pythonlang-banner": [
          "pythoneda-shared-pythonlang-application",
          "pythoneda-shared-artifact-shared",
          "pythoneda-shared-pythonlang-banner"
        ],
        "pythoneda-shared-pythonlang-domain": [
          "pythoneda-shared-pythonlang-application",
          "pythoneda-shared-artifact-shared",
          "pythoneda-shared-pythonlang-domain"
        ],
        "stringtemplate3": "stringtemplate3_2"
      },
      "locked": {
        "lastModified": 1732789510,
        "narHash": "sha256-j1OaM2onWwLp4HobKfmeYn8vEqsmdKtsGIpci9DORoQ=",
        "owner": "pythoneda-shared-nix-flake-def",
        "repo": "shared",
        "rev": "8c216735c4ce743899dc774e1b8691c2d2bb5c52",
        "type": "github"
      },
      "original": {
        "owner": "pythoneda-shared-nix-flake-def",
        "ref": "0.0.73",
        "repo": "shared",
        "type": "github"
      }
    },
    "pythoneda-shared-pythonlang-application": {
      "inputs": {
        "flake-utils": [
          "flake-utils"
        ],
        "nixos": [
          "nixos"
        ],
        "pythoneda-shared-artifact-shared": "pythoneda-shared-artifact-shared",
        "pythoneda-shared-pythonlang-banner": [
          "pythoneda-shared-pythonlang-banner"
        ],
        "pythoneda-shared-pythonlang-domain": [
          "pythoneda-shared-pythonlang-domain"
        ],
        "pythoneda-shared-pythonlang-infrastructure": "pythoneda-shared-pythonlang-infrastructure"
      },
      "locked": {
        "lastModified": 1732789675,
        "narHash": "sha256-JMqf9Q1T7Ty5OsaRp1y5NnQU95tzLGTLeMGSqnEIbEA=",
        "owner": "pythoneda-shared-pythonlang-def",
        "repo": "application",
        "rev": "44d79717b2b50af83573d1ea209e4ceacdb4c8b7",
        "type": "github"
      },
      "original": {
        "owner": "pythoneda-shared-pythonlang-def",
        "ref": "0.0.86",
        "repo": "application",
        "type": "github"
      }
    },
    "pythoneda-shared-pythonlang-banner": {
      "inputs": {
        "flake-utils": [
          "flake-utils"
        ],
        "nixos": [
          "nixos"
        ]
      },
      "locked": {
        "lastModified": 1732732610,
        "narHash": "sha256-qkhPKuRrCXH9OFQQlWSC39fjHXDm7FHScyVVK+Qw1KE=",
        "owner": "pythoneda-shared-pythonlang-def",
        "repo": "banner",
        "rev": "5a3ad5537cece3a329a1b6f3ffd4184bdf5f5761",
        "type": "github"
      },
      "original": {
        "owner": "pythoneda-shared-pythonlang-def",
        "ref": "0.0.70",
        "repo": "banner",
        "type": "github"
      }
    },
    "pythoneda-shared-pythonlang-domain": {
      "inputs": {
        "flake-utils": [
          "pythoneda-shared-git-github",
          "pythoneda-shared-git-shared",
          "pythoneda-shared-pythonlang-shell",
          "flake-utils"
        ],
        "nixos": [
          "pythoneda-shared-git-github",
          "pythoneda-shared-git-shared",
          "pythoneda-shared-pythonlang-shell",
          "nixos"
        ],
        "pythoneda-shared-pythonlang-banner": [
          "pythoneda-shared-git-github",
          "pythoneda-shared-git-shared",
          "pythoneda-shared-pythonlang-shell",
          "pythoneda-shared-pythonlang-banner"
        ]
      },
      "locked": {
        "lastModified": 1732789010,
        "narHash": "sha256-ZnlrXNHbe6Lp25FCljul/1OeduXatYFFNl+7ObfhXhQ=",
        "owner": "pythoneda-shared-pythonlang-def",
        "repo": "domain",
        "rev": "2e6dbb31a9e6cf671547f73fa5d9b29109f6b140",
        "type": "github"
      },
      "original": {
        "owner": "pythoneda-shared-pythonlang-def",
        "ref": "0.0.89",
        "repo": "domain",
        "type": "github"
      }
    },
    "pythoneda-shared-pythonlang-domain_2": {
      "inputs": {
        "flake-utils": [
          "pythoneda-shared-git-shared",
          "pythoneda-shared-pythonlang-shell",
          "flake-utils"
        ],
        "nixos": [
          "pythoneda-shared-git-shared",
          "pythoneda-shared-pythonlang-shell",
          "nixos"
        ],
        "pythoneda-shared-pythonlang-banner": [
          "pythoneda-shared-git-shared",
          "pythoneda-shared-pythonlang-shell",
          "pythoneda-shared-pythonlang-banner"
        ]
      },
      "locked": {
        "lastModified": 1732789010,
        "narHash": "sha256-ZnlrXNHbe6Lp25FCljul/1OeduXatYFFNl+7ObfhXhQ=",
        "owner": "pythoneda-shared-pythonlang-def",
        "repo": "domain",
        "rev": "2e6dbb31a9e6cf671547f73fa5d9b29109f6b140",
        "type": "github"
      },
      "original": {
        "owner": "pythoneda-shared-pythonlang-def",
        "ref": "0.0.89",
        "repo": "domain",
        "type": "github"
      }
    },
    "pythoneda-shared-pythonlang-domain_3": {
      "inputs": {
        "flake-utils": [
          "pythoneda-shared-nix-flake-shared",
          "pythoneda-shared-git-shared",
          "pythoneda-shared-pythonlang-shell",
          "flake-utils"
        ],
        "nixos": [
          "pythoneda-shared-nix-flake-shared",
          "pythoneda-shared-git-shared",
          "pythoneda-shared-pythonlang-shell",
          "nixos"
        ],
        "pythoneda-shared-pythonlang-banner": [
          "pythoneda-shared-nix-flake-shared",
          "pythoneda-shared-git-shared",
          "pythoneda-shared-pythonlang-shell",
          "pythoneda-shared-pythonlang-banner"
        ]
      },
      "locked": {
        "lastModified": 1732789010,
        "narHash": "sha256-ZnlrXNHbe6Lp25FCljul/1OeduXatYFFNl+7ObfhXhQ=",
        "owner": "pythoneda-shared-pythonlang-def",
        "repo": "domain",
        "rev": "2e6dbb31a9e6cf671547f73fa5d9b29109f6b140",
        "type": "github"
      },
      "original": {
        "owner": "pythoneda-shared-pythonlang-def",
        "ref": "0.0.89",
        "repo": "domain",
        "type": "github"
      }
    },
    "pythoneda-shared-pythonlang-domain_4": {
      "inputs": {
        "flake-utils": [
          "pythoneda-shared-pythonlang-application",
          "pythoneda-shared-artifact-shared",
          "pythoneda-shared-git-shared",
          "pythoneda-shared-pythonlang-shell",
          "flake-utils"
        ],
        "nixos": [
          "pythoneda-shared-pythonlang-application",
          "pythoneda-shared-artifact-shared",
          "pythoneda-shared-git-shared",
          "pythoneda-shared-pythonlang-shell",
          "nixos"
        ],
        "pythoneda-shared-pythonlang-banner": [
          "pythoneda-shared-pythonlang-application",
          "pythoneda-shared-artifact-shared",
          "pythoneda-shared-git-shared",
          "pythoneda-shared-pythonlang-shell",
          "pythoneda-shared-pythonlang-banner"
        ]
      },
      "locked": {
        "lastModified": 1732789010,
        "narHash": "sha256-ZnlrXNHbe6Lp25FCljul/1OeduXatYFFNl+7ObfhXhQ=",
        "owner": "pythoneda-shared-pythonlang-def",
        "repo": "domain",
        "rev": "2e6dbb31a9e6cf671547f73fa5d9b29109f6b140",
        "type": "github"
      },
      "original": {
        "owner": "pythoneda-shared-pythonlang-def",
        "ref": "0.0.89",
        "repo": "domain",
        "type": "github"
      }
    },
    "pythoneda-shared-pythonlang-domain_5": {
      "inputs": {
        "flake-utils": [
          "pythoneda-shared-pythonlang-application",
          "pythoneda-shared-artifact-shared",
          "pythoneda-shared-nix-flake-shared",
          "pythoneda-shared-git-shared",
          "pythoneda-shared-pythonlang-shell",
          "flake-utils"
        ],
        "nixos": [
          "pythoneda-shared-pythonlang-application",
          "pythoneda-shared-artifact-shared",
          "pythoneda-shared-nix-flake-shared",
          "pythoneda-shared-git-shared",
          "pythoneda-shared-pythonlang-shell",
          "nixos"
        ],
        "pythoneda-shared-pythonlang-banner": [
          "pythoneda-shared-pythonlang-application",
          "pythoneda-shared-artifact-shared",
          "pythoneda-shared-nix-flake-shared",
          "pythoneda-shared-git-shared",
          "pythoneda-shared-pythonlang-shell",
          "pythoneda-shared-pythonlang-banner"
        ]
      },
      "locked": {
        "lastModified": 1732789010,
        "narHash": "sha256-ZnlrXNHbe6Lp25FCljul/1OeduXatYFFNl+7ObfhXhQ=",
        "owner": "pythoneda-shared-pythonlang-def",
        "repo": "domain",
        "rev": "2e6dbb31a9e6cf671547f73fa5d9b29109f6b140",
        "type": "github"
      },
      "original": {
        "owner": "pythoneda-shared-pythonlang-def",
        "ref": "0.0.89",
        "repo": "domain",
        "type": "github"
      }
    },
    "pythoneda-shared-pythonlang-domain_6": {
      "inputs": {
        "flake-utils": [
          "flake-utils"
        ],
        "nixos": [
          "nixos"
        ],
        "pythoneda-shared-pythonlang-banner": [
          "pythoneda-shared-pythonlang-banner"
        ]
      },
      "locked": {
        "lastModified": 1732789010,
        "narHash": "sha256-ZnlrXNHbe6Lp25FCljul/1OeduXatYFFNl+7ObfhXhQ=",
        "owner": "pythoneda-shared-pythonlang-def",
        "repo": "domain",
        "rev": "2e6dbb31a9e6cf671547f73fa5d9b29109f6b140",
        "type": "github"
      },
      "original": {
        "owner": "pythoneda-shared-pythonlang-def",
        "ref": "0.0.89",
        "repo": "domain",
        "type": "github"
      }
    },
    "pythoneda-shared-pythonlang-infrastructure": {
      "inputs": {
        "esdbclient": "esdbclient",
        "flake-utils": [
          "pythoneda-shared-pythonlang-application",
          "flake-utils"
        ],
        "nixos": [
          "pythoneda-shared-pythonlang-application",
          "nixos"
        ],
        "pythoneda-shared-pythonlang-banner": [
          "pythoneda-shared-pythonlang-application",
          "pythoneda-shared-pythonlang-banner"
        ],
        "pythoneda-shared-pythonlang-domain": [
          "pythoneda-shared-pythonlang-application",
          "pythoneda-shared-pythonlang-domain"
        ]
      },
      "locked": {
        "lastModified": 1732789182,
        "narHash": "sha256-K7mBpUuwxDwl3yWvKqPrHsC4PI7hZyyEziAj1kLNRSE=",
        "owner": "pythoneda-shared-pythonlang-def",
        "repo": "infrastructure",
        "rev": "7e3f6dc629aaad40cbd3955c7ddb989f535cfab0",
        "type": "github"
      },
      "original": {
        "owner": "pythoneda-shared-pythonlang-def",
        "ref": "0.0.65",
        "repo": "infrastructure",
        "type": "github"
      }
    },
    "pythoneda-shared-pythonlang-infrastructure_2": {
      "inputs": {
        "esdbclient": "esdbclient_2",
        "flake-utils": [
          "flake-utils"
        ],
        "nixos": [
          "nixos"
        ],
        "pythoneda-shared-pythonlang-banner": [
          "pythoneda-shared-pythonlang-banner"
        ],
        "pythoneda-shared-pythonlang-domain": [
          "pythoneda-shared-pythonlang-domain"
        ]
      },
      "locked": {
        "lastModified": 1732789182,
        "narHash": "sha256-K7mBpUuwxDwl3yWvKqPrHsC4PI7hZyyEziAj1kLNRSE=",
        "owner": "pythoneda-shared-pythonlang-def",
        "repo": "infrastructure",
        "rev": "7e3f6dc629aaad40cbd3955c7ddb989f535cfab0",
        "type": "github"
      },
      "original": {
        "owner": "pythoneda-shared-pythonlang-def",
        "ref": "0.0.65",
        "repo": "infrastructure",
        "type": "github"
      }
    },
    "pythoneda-shared-pythonlang-shell": {
      "inputs": {
        "flake-utils": [
          "pythoneda-shared-git-github",
          "pythoneda-shared-git-shared",
          "flake-utils"
        ],
        "nixos": [
          "pythoneda-shared-git-github",
          "pythoneda-shared-git-shared",
          "nixos"
        ],
        "pythoneda-shared-pythonlang-banner": [
          "pythoneda-shared-git-github",
          "pythoneda-shared-git-shared",
          "pythoneda-shared-pythonlang-banner"
        ],
        "pythoneda-shared-pythonlang-domain": "pythoneda-shared-pythonlang-domain"
      },
      "locked": {
        "lastModified": 1732789370,
        "narHash": "sha256-MJufG/sS9J7vHfnlmdyUFMobkYcssueJfYPwul11UPQ=",
        "owner": "pythoneda-shared-pythonlang-def",
        "repo": "shell",
        "rev": "3158ee43ef785ddda899125bb80751e54476c124",
        "type": "github"
      },
      "original": {
        "owner": "pythoneda-shared-pythonlang-def",
        "ref": "0.0.34",
        "repo": "shell",
        "type": "github"
      }
    },
    "pythoneda-shared-pythonlang-shell_2": {
      "inputs": {
        "flake-utils": [
          "pythoneda-shared-git-shared",
          "flake-utils"
        ],
        "nixos": [
          "pythoneda-shared-git-shared",
          "nixos"
        ],
        "pythoneda-shared-pythonlang-banner": [
          "pythoneda-shared-git-shared",
          "pythoneda-shared-pythonlang-banner"
        ],
        "pythoneda-shared-pythonlang-domain": "pythoneda-shared-pythonlang-domain_2"
      },
      "locked": {
        "lastModified": 1732789370,
        "narHash": "sha256-MJufG/sS9J7vHfnlmdyUFMobkYcssueJfYPwul11UPQ=",
        "owner": "pythoneda-shared-pythonlang-def",
        "repo": "shell",
        "rev": "3158ee43ef785ddda899125bb80751e54476c124",
        "type": "github"
      },
      "original": {
        "owner": "pythoneda-shared-pythonlang-def",
        "ref": "0.0.34",
        "repo": "shell",
        "type": "github"
      }
    },
    "pythoneda-shared-pythonlang-shell_3": {
      "inputs": {
        "flake-utils": [
          "pythoneda-shared-nix-flake-shared",
          "pythoneda-shared-git-shared",
          "flake-utils"
        ],
        "nixos": [
          "pythoneda-shared-nix-flake-shared",
          "pythoneda-shared-git-shared",
          "nixos"
        ],
        "pythoneda-shared-pythonlang-banner": [
          "pythoneda-shared-nix-flake-shared",
          "pythoneda-shared-git-shared",
          "pythoneda-shared-pythonlang-banner"
        ],
        "pythoneda-shared-pythonlang-domain": "pythoneda-shared-pythonlang-domain_3"
      },
      "locked": {
        "lastModified": 1732789370,
        "narHash": "sha256-MJufG/sS9J7vHfnlmdyUFMobkYcssueJfYPwul11UPQ=",
        "owner": "pythoneda-shared-pythonlang-def",
        "repo": "shell",
        "rev": "3158ee43ef785ddda899125bb80751e54476c124",
        "type": "github"
      },
      "original": {
        "owner": "pythoneda-shared-pythonlang-def",
        "ref": "0.0.34",
        "repo": "shell",
        "type": "github"
      }
    },
    "pythoneda-shared-pythonlang-shell_4": {
      "inputs": {
        "flake-utils": [
          "pythoneda-shared-pythonlang-application",
          "pythoneda-shared-artifact-shared",
          "pythoneda-shared-git-shared",
          "flake-utils"
        ],
        "nixos": [
          "pythoneda-shared-pythonlang-application",
          "pythoneda-shared-artifact-shared",
          "pythoneda-shared-git-shared",
          "nixos"
        ],
        "pythoneda-shared-pythonlang-banner": [
          "pythoneda-shared-pythonlang-application",
          "pythoneda-shared-artifact-shared",
          "pythoneda-shared-git-shared",
          "pythoneda-shared-pythonlang-banner"
        ],
        "pythoneda-shared-pythonlang-domain": "pythoneda-shared-pythonlang-domain_4"
      },
      "locked": {
        "lastModified": 1732789370,
        "narHash": "sha256-MJufG/sS9J7vHfnlmdyUFMobkYcssueJfYPwul11UPQ=",
        "owner": "pythoneda-shared-pythonlang-def",
        "repo": "shell",
        "rev": "3158ee43ef785ddda899125bb80751e54476c124",
        "type": "github"
      },
      "original": {
        "owner": "pythoneda-shared-pythonlang-def",
        "ref": "0.0.34",
        "repo": "shell",
        "type": "github"
      }
    },
    "pythoneda-shared-pythonlang-shell_5": {
      "inputs": {
        "flake-utils": [
          "pythoneda-shared-pythonlang-application",
          "pythoneda-shared-artifact-shared",
          "pythoneda-shared-nix-flake-shared",
          "pythoneda-shared-git-shared",
          "flake-utils"
        ],
        "nixos": [
          "pythoneda-shared-pythonlang-application",
          "pythoneda-shared-artifact-shared",
          "pythoneda-shared-nix-flake-shared",
          "pythoneda-shared-git-shared",
          "nixos"
        ],
        "pythoneda-shared-pythonlang-banner": [
          "pythoneda-shared-pythonlang-application",
          "pythoneda-shared-artifact-shared",
          "pythoneda-shared-nix-flake-shared",
          "pythoneda-shared-git-shared",
          "pythoneda-shared-pythonlang-banner"
        ],
        "pythoneda-shared-pythonlang-domain": "pythoneda-shared-pythonlang-domain_5"
      },
      "locked": {
        "lastModified": 1732789370,
        "narHash": "sha256-MJufG/sS9J7vHfnlmdyUFMobkYcssueJfYPwul11UPQ=",
        "owner": "pythoneda-shared-pythonlang-def",
        "repo": "shell",
        "rev": "3158ee43ef785ddda899125bb80751e54476c124",
        "type": "github"
      },
      "original": {
        "owner": "pythoneda-shared-pythonlang-def",
        "ref": "0.0.34",
        "repo": "shell",
        "type": "github"
      }
    },
    "root": {
      "inputs": {
        "flake-utils": "flake-utils",
        "nixos": "nixos",
        "pythoneda-shared-git-github": "pythoneda-shared-git-github",
        "pythoneda-shared-git-shared": "pythoneda-shared-git-shared_2",
        "pythoneda-shared-nix-flake-shared": "pythoneda-shared-nix-flake-shared",
        "pythoneda-shared-pythonlang-application": "pythoneda-shared-pythonlang-application",
        "pythoneda-shared-pythonlang-banner": "pythoneda-shared-pythonlang-banner",
        "pythoneda-shared-pythonlang-domain": "pythoneda-shared-pythonlang-domain_6",
        "pythoneda-shared-pythonlang-infrastructure": "pythoneda-shared-pythonlang-infrastructure_2",
        "stringtemplate3": "stringtemplate3_3"
      }
    },
    "stringtemplate3": {
      "inputs": {
        "flake-utils": [
          "pythoneda-shared-nix-flake-shared",
          "flake-utils"
        ],
        "nixos": [
          "pythoneda-shared-nix-flake-shared",
          "nixos"
        ]
      },
      "locked": {
        "dir": "stringtemplate3",
        "lastModified": 1731752174,
        "narHash": "sha256-V09xY+GMR5dVugsLj2zbmlc/aSHTt/ysGGnLQ3gamsY=",
        "owner": "rydnr",
        "repo": "nix-flakes",
        "rev": "483f92d9b5d5ee4e6e05e613c0602312d4ba4e84",
        "type": "github"
      },
      "original": {
        "dir": "stringtemplate3",
        "owner": "rydnr",
        "ref": "stringtemplate3-3.1.0",
        "repo": "nix-flakes",
        "type": "github"
      }
    },
    "stringtemplate3_2": {
      "inputs": {
        "flake-utils": [
          "pythoneda-shared-pythonlang-application",
          "pythoneda-shared-artifact-shared",
          "pythoneda-shared-nix-flake-shared",
          "flake-utils"
        ],
        "nixos": [
          "pythoneda-shared-pythonlang-application",
          "pythoneda-shared-artifact-shared",
          "pythoneda-shared-nix-flake-shared",
          "nixos"
        ]
      },
      "locked": {
        "dir": "stringtemplate3",
        "lastModified": 1731752174,
        "narHash": "sha256-V09xY+GMR5dVugsLj2zbmlc/aSHTt/ysGGnLQ3gamsY=",
        "owner": "rydnr",
        "repo": "nix-flakes",
        "rev": "483f92d9b5d5ee4e6e05e613c0602312d4ba4e84",
        "type": "github"
      },
      "original": {
        "dir": "stringtemplate3",
        "owner": "rydnr",
        "ref": "stringtemplate3-3.1.0",
        "repo": "nix-flakes",
        "type": "github"
      }
    },
    "stringtemplate3_3": {
      "inputs": {
        "flake-utils": [
          "flake-utils"
        ],
        "nixos": [
          "nixos"
        ]
      },
      "locked": {
        "dir": "stringtemplate3",
        "lastModified": 1731752174,
        "narHash": "sha256-V09xY+GMR5dVugsLj2zbmlc/aSHTt/ysGGnLQ3gamsY=",
        "owner": "rydnr",
        "repo": "nix-flakes",
        "rev": "483f92d9b5d5ee4e6e05e613c0602312d4ba4e84",
        "type": "github"
      },
      "original": {
        "dir": "stringtemplate3",
        "owner": "rydnr",
        "ref": "stringtemplate3-3.1.0",
        "repo": "nix-flakes",
        "type": "github"
      }
    }
  },
  "root": "root",
  "version": 7
}
