{
  "nodes": {
    "esdbclient": {
      "inputs": {
        "flake-utils": [
          "pythoneda-shared-application",
          "pythoneda-shared-infrastructure",
          "flake-utils"
        ],
        "nixos": [
          "pythoneda-shared-application",
          "pythoneda-shared-infrastructure",
          "nixos"
        ]
      },
      "locked": {
        "dir": "esdbclient",
        "lastModified": 1705227856,
        "narHash": "sha256-mu3F53Bj7HAz8MOMCgtIgQ7ko8A0LG0MArCNqWbPHaM=",
        "owner": "rydnr",
        "repo": "nix-flakes",
        "rev": "783f471d5fd80d558483b16a48499ce2ecb024ad",
        "type": "github"
      },
      "original": {
        "dir": "esdbclient",
        "owner": "rydnr",
        "repo": "nix-flakes",
        "type": "github"
      }
    },
    "esdbclient_2": {
      "inputs": {
        "flake-utils": [
          "pythoneda-shared-infrastructure",
          "flake-utils"
        ],
        "nixos": [
          "pythoneda-shared-infrastructure",
          "nixos"
        ]
      },
      "locked": {
        "dir": "esdbclient",
        "lastModified": 1705227856,
        "narHash": "sha256-mu3F53Bj7HAz8MOMCgtIgQ7ko8A0LG0MArCNqWbPHaM=",
        "owner": "rydnr",
        "repo": "nix-flakes",
        "rev": "783f471d5fd80d558483b16a48499ce2ecb024ad",
        "type": "github"
      },
      "original": {
        "dir": "esdbclient",
        "owner": "rydnr",
        "repo": "nix-flakes",
        "type": "github"
      }
    },
    "flake-utils": {
      "locked": {
        "lastModified": 1652776076,
        "narHash": "sha256-gzTw/v1vj4dOVbpBSJX4J0DwUR6LIyXo7/SuuTJp1kM=",
        "owner": "numtide",
        "repo": "flake-utils",
        "rev": "04c1b180862888302ddfb2e3ad9eaa63afc60cf8",
        "type": "github"
      },
      "original": {
        "owner": "numtide",
        "ref": "v1.0.0",
        "repo": "flake-utils",
        "type": "github"
      }
    },
    "nixos": {
      "locked": {
        "lastModified": 1701282334,
        "narHash": "sha256-MxCVrXY6v4QmfTwIysjjaX0XUhqBbxTWWB4HXtDYsdk=",
        "owner": "NixOS",
        "repo": "nixpkgs",
        "rev": "057f9aecfb71c4437d2b27d3323df7f93c010b7e",
        "type": "github"
      },
      "original": {
        "owner": "NixOS",
        "ref": "23.11",
        "repo": "nixpkgs",
        "type": "github"
      }
    },
    "pythoneda-shared-application": {
      "inputs": {
        "flake-utils": [
          "flake-utils"
        ],
        "nixos": [
          "nixos"
        ],
        "pythoneda-shared-artifact-shared": "pythoneda-shared-artifact-shared",
        "pythoneda-shared-banner": [
          "pythoneda-shared-banner"
        ],
        "pythoneda-shared-domain": [
          "pythoneda-shared-domain"
        ],
        "pythoneda-shared-infrastructure": "pythoneda-shared-infrastructure"
      },
      "locked": {
        "lastModified": 1706257386,
        "narHash": "sha256-8MtCTQ+/Gj5rGHUA2nstYgPsiljuMeef7UlHyZlKHXc=",
        "owner": "pythoneda-shared-def",
        "repo": "application",
        "rev": "d4aa6a027eb7892a207fc4ddbd337033d9d577ef",
        "type": "github"
      },
      "original": {
        "owner": "pythoneda-shared-def",
        "ref": "0.0.49",
        "repo": "application",
        "type": "github"
      }
    },
    "pythoneda-shared-artifact-events": {
      "inputs": {
        "flake-utils": [
          "pythoneda-shared-application",
          "pythoneda-shared-artifact-shared",
          "flake-utils"
        ],
        "nixos": [
          "pythoneda-shared-application",
          "pythoneda-shared-artifact-shared",
          "nixos"
        ],
        "pythoneda-shared-banner": [
          "pythoneda-shared-application",
          "pythoneda-shared-artifact-shared",
          "pythoneda-shared-banner"
        ],
        "pythoneda-shared-domain": [
          "pythoneda-shared-application",
          "pythoneda-shared-artifact-shared",
          "pythoneda-shared-domain"
        ]
      },
      "locked": {
        "lastModified": 1706257238,
        "narHash": "sha256-GGqQIrh/6mbwKLnk1rZDO1uRXNfMF0KBl2W6Et+n2U4=",
        "owner": "pythoneda-shared-artifact-def",
        "repo": "events",
        "rev": "9a499192c28d727b6ae1c55e51d52877d6c5d613",
        "type": "github"
      },
      "original": {
        "owner": "pythoneda-shared-artifact-def",
        "ref": "0.0.35",
        "repo": "events",
        "type": "github"
      }
    },
    "pythoneda-shared-artifact-shared": {
      "inputs": {
        "flake-utils": [
          "pythoneda-shared-application",
          "flake-utils"
        ],
        "nixos": [
          "pythoneda-shared-application",
          "nixos"
        ],
        "pythoneda-shared-artifact-events": "pythoneda-shared-artifact-events",
        "pythoneda-shared-banner": [
          "pythoneda-shared-application",
          "pythoneda-shared-banner"
        ],
        "pythoneda-shared-domain": [
          "pythoneda-shared-application",
          "pythoneda-shared-domain"
        ],
        "pythoneda-shared-git-shared": "pythoneda-shared-git-shared",
        "pythoneda-shared-nix-flake-shared": "pythoneda-shared-nix-flake-shared"
      },
      "locked": {
        "lastModified": 1706257351,
        "narHash": "sha256-9jMXho95K0ZyY2bX2I9YZSb3aHOHijtIGNNc3hXOsqk=",
        "owner": "pythoneda-shared-artifact-def",
        "repo": "shared",
        "rev": "9161de3c2802a573bbe2cff6f58a00c698e81bbb",
        "type": "github"
      },
      "original": {
        "owner": "pythoneda-shared-artifact-def",
        "ref": "0.0.42",
        "repo": "shared",
        "type": "github"
      }
    },
    "pythoneda-shared-banner": {
      "inputs": {
        "flake-utils": [
          "flake-utils"
        ],
        "nixos": [
          "nixos"
        ]
      },
      "locked": {
        "lastModified": 1705523563,
        "narHash": "sha256-jjZLUUwAHWLPzyhCZfz01pkr5WdpA4Kn0AP2H6dBX6g=",
        "owner": "pythoneda-shared-def",
        "repo": "banner",
        "rev": "d9dfb9513567582424a602e21be72a60e3e631b4",
        "type": "github"
      },
      "original": {
        "owner": "pythoneda-shared-def",
        "ref": "0.0.47",
        "repo": "banner",
        "type": "github"
      }
    },
    "pythoneda-shared-domain": {
      "inputs": {
        "flake-utils": [
          "flake-utils"
        ],
        "nixos": [
          "nixos"
        ],
        "pythoneda-shared-banner": [
          "pythoneda-shared-banner"
        ]
      },
      "locked": {
        "lastModified": 1706257112,
        "narHash": "sha256-vr5XpaNCaKkREvWFvtIuorpW0+vOAnYHjXlSdIBCr0U=",
        "owner": "pythoneda-shared-def",
        "repo": "domain",
        "rev": "736fe08ea173f673e5fe0d37f923c7badb7dc1ba",
        "type": "github"
      },
      "original": {
        "owner": "pythoneda-shared-def",
        "ref": "0.0.30",
        "repo": "domain",
        "type": "github"
      }
    },
    "pythoneda-shared-git-github": {
      "inputs": {
        "flake-utils": [
          "flake-utils"
        ],
        "nixos": [
          "nixos"
        ],
        "pythoneda-shared-banner": [
          "pythoneda-shared-banner"
        ],
        "pythoneda-shared-domain": [
          "pythoneda-shared-domain"
        ]
      },
      "locked": {
        "lastModified": 1706258957,
        "narHash": "sha256-/INyucDT2qQ37g2DYasbDusczQ2sgEnBjnHAFLqHVnU=",
        "owner": "pythoneda-shared-git-def",
        "repo": "github",
        "rev": "ccf1e5088d153c91af7c5f2b3eb962474dce03e8",
        "type": "github"
      },
      "original": {
        "owner": "pythoneda-shared-git-def",
        "ref": "0.0.1",
        "repo": "github",
        "type": "github"
      }
    },
    "pythoneda-shared-git-shared": {
      "inputs": {
        "flake-utils": [
          "pythoneda-shared-application",
          "pythoneda-shared-artifact-shared",
          "flake-utils"
        ],
        "nixos": [
          "pythoneda-shared-application",
          "pythoneda-shared-artifact-shared",
          "nixos"
        ],
        "pythoneda-shared-banner": [
          "pythoneda-shared-application",
          "pythoneda-shared-artifact-shared",
          "pythoneda-shared-banner"
        ],
        "pythoneda-shared-domain": [
          "pythoneda-shared-application",
          "pythoneda-shared-artifact-shared",
          "pythoneda-shared-domain"
        ]
      },
      "locked": {
        "lastModified": 1706034210,
        "narHash": "sha256-sL76DeLuNx38TmWCZdov683mswFZhYMGZpVU7cmo1Ag=",
        "owner": "pythoneda-shared-git-def",
        "repo": "shared",
        "rev": "5b0c16c630796fdc08b7f5484ee77230d68954d9",
        "type": "github"
      },
      "original": {
        "owner": "pythoneda-shared-git-def",
        "ref": "0.0.32",
        "repo": "shared",
        "type": "github"
      }
    },
    "pythoneda-shared-git-shared_2": {
      "inputs": {
        "flake-utils": [
          "pythoneda-shared-application",
          "pythoneda-shared-artifact-shared",
          "pythoneda-shared-nix-flake-shared",
          "flake-utils"
        ],
        "nixos": [
          "pythoneda-shared-application",
          "pythoneda-shared-artifact-shared",
          "pythoneda-shared-nix-flake-shared",
          "nixos"
        ],
        "pythoneda-shared-banner": [
          "pythoneda-shared-application",
          "pythoneda-shared-artifact-shared",
          "pythoneda-shared-nix-flake-shared",
          "pythoneda-shared-banner"
        ],
        "pythoneda-shared-domain": [
          "pythoneda-shared-application",
          "pythoneda-shared-artifact-shared",
          "pythoneda-shared-nix-flake-shared",
          "pythoneda-shared-domain"
        ]
      },
      "locked": {
        "lastModified": 1706034210,
        "narHash": "sha256-sL76DeLuNx38TmWCZdov683mswFZhYMGZpVU7cmo1Ag=",
        "owner": "pythoneda-shared-git-def",
        "repo": "shared",
        "rev": "5b0c16c630796fdc08b7f5484ee77230d68954d9",
        "type": "github"
      },
      "original": {
        "owner": "pythoneda-shared-git-def",
        "ref": "0.0.32",
        "repo": "shared",
        "type": "github"
      }
    },
    "pythoneda-shared-infrastructure": {
      "inputs": {
        "esdbclient": "esdbclient",
        "flake-utils": [
          "pythoneda-shared-application",
          "flake-utils"
        ],
        "nixos": [
          "pythoneda-shared-application",
          "nixos"
        ],
        "pythoneda-shared-banner": [
          "pythoneda-shared-application",
          "pythoneda-shared-banner"
        ],
        "pythoneda-shared-domain": [
          "pythoneda-shared-application",
          "pythoneda-shared-domain"
        ]
      },
      "locked": {
        "lastModified": 1706257212,
        "narHash": "sha256-EzJf36gGjcg8NAHHlhmyjH98+Fjkq1UDRP2n3xVw4eY=",
        "owner": "pythoneda-shared-def",
        "repo": "infrastructure",
        "rev": "39bbdbac31698c7357d8e81446419f21df00ddd3",
        "type": "github"
      },
      "original": {
        "owner": "pythoneda-shared-def",
        "ref": "0.0.26",
        "repo": "infrastructure",
        "type": "github"
      }
    },
    "pythoneda-shared-infrastructure_2": {
      "inputs": {
        "esdbclient": "esdbclient_2",
        "flake-utils": [
          "flake-utils"
        ],
        "nixos": [
          "nixos"
        ],
        "pythoneda-shared-banner": [
          "pythoneda-shared-banner"
        ],
        "pythoneda-shared-domain": [
          "pythoneda-shared-domain"
        ]
      },
      "locked": {
        "lastModified": 1706257212,
        "narHash": "sha256-EzJf36gGjcg8NAHHlhmyjH98+Fjkq1UDRP2n3xVw4eY=",
        "owner": "pythoneda-shared-def",
        "repo": "infrastructure",
        "rev": "39bbdbac31698c7357d8e81446419f21df00ddd3",
        "type": "github"
      },
      "original": {
        "owner": "pythoneda-shared-def",
        "ref": "0.0.26",
        "repo": "infrastructure",
        "type": "github"
      }
    },
    "pythoneda-shared-nix-flake-shared": {
      "inputs": {
        "flake-utils": [
          "pythoneda-shared-application",
          "pythoneda-shared-artifact-shared",
          "flake-utils"
        ],
        "nixos": [
          "pythoneda-shared-application",
          "pythoneda-shared-artifact-shared",
          "nixos"
        ],
        "pythoneda-shared-banner": [
          "pythoneda-shared-application",
          "pythoneda-shared-artifact-shared",
          "pythoneda-shared-banner"
        ],
        "pythoneda-shared-domain": [
          "pythoneda-shared-application",
          "pythoneda-shared-artifact-shared",
          "pythoneda-shared-domain"
        ],
        "pythoneda-shared-git-shared": "pythoneda-shared-git-shared_2",
        "stringtemplate3": "stringtemplate3"
      },
      "locked": {
        "lastModified": 1706257315,
        "narHash": "sha256-nInQZGrfSkDNk6d96NGzY2HJWWwdA1t/HyH6joi7Shs=",
        "owner": "pythoneda-shared-nix-flake-def",
        "repo": "shared",
        "rev": "6f440c4ea8a56a8c1ba9a16d9aa3f124b6e32e5e",
        "type": "github"
      },
      "original": {
        "owner": "pythoneda-shared-nix-flake-def",
        "ref": "0.0.37",
        "repo": "shared",
        "type": "github"
      }
    },
    "root": {
      "inputs": {
        "flake-utils": "flake-utils",
        "nixos": "nixos",
        "pythoneda-shared-application": "pythoneda-shared-application",
        "pythoneda-shared-banner": "pythoneda-shared-banner",
        "pythoneda-shared-domain": "pythoneda-shared-domain",
        "pythoneda-shared-git-github": "pythoneda-shared-git-github",
        "pythoneda-shared-infrastructure": "pythoneda-shared-infrastructure_2"
      }
    },
    "stringtemplate3": {
      "inputs": {
        "flake-utils": [
          "pythoneda-shared-application",
          "pythoneda-shared-artifact-shared",
          "pythoneda-shared-nix-flake-shared",
          "flake-utils"
        ],
        "nixos": [
          "pythoneda-shared-application",
          "pythoneda-shared-artifact-shared",
          "pythoneda-shared-nix-flake-shared",
          "nixos"
        ]
      },
      "locked": {
        "dir": "stringtemplate3",
        "lastModified": 1695028695,
        "narHash": "sha256-nEyAQq8IJ8Cn8Rnf0jOqfhQ9ya6qtbmf5vuhsDN+KKw=",
        "owner": "rydnr",
        "repo": "nix-flakes",
        "rev": "81e0f7168b7d949c1e1f85897645cba7be7f325c",
        "type": "github"
      },
      "original": {
        "dir": "stringtemplate3",
        "owner": "rydnr",
        "ref": "stringtemplate3-3.1",
        "repo": "nix-flakes",
        "type": "github"
      }
    }
  },
  "root": "root",
  "version": 7
}
